
Microsoft Visual Studio Solution File, Format Version 12.00
# Visual Studio Version 17
VisualStudioVersion = 17.7.34031.279
MinimumVisualStudioVersion = 10.0.40219.1
Project("{9A19103F-16F7-4668-BE54-9A1E7A4F7556}") = "MiniEngine", "MiniEngine\MiniEngine.csproj", "{75149D39-4A72-4472-BD1E-B5444BBAE1D6}"
EndProject
Project("{9A19103F-16F7-4668-BE54-9A1E7A4F7556}") = "MiniEngine.Assets", "MiniEngine.Assets\MiniEngine.Assets.csproj", "{863BB252-DC76-4877-9E89-8CC185EF8B85}"
EndProject
Project("{9A19103F-16F7-4668-BE54-9A1E7A4F7556}") = "MiniEngine.Labs", "MiniEngine.Labs\MiniEngine.Labs.csproj", "{4109F56A-0FF2-4E34-AFCC-F80385FB0BB5}"
EndProject
Project("{9A19103F-16F7-4668-BE54-9A1E7A4F7556}") = "MiniEngine.Tests", "MiniEngine.Tests\MiniEngine.Tests.csproj", "{F8EFEF64-D0E4-4FDD-8F36-8AB423E323C7}"
EndProject
Project("{9A19103F-16F7-4668-BE54-9A1E7A4F7556}") = "MiniEngine.Rendering.Vulkan", "MiniEngine.Rendering.Vulkan\MiniEngine.Rendering.Vulkan.csproj", "{4CB8F174-7279-4724-9944-FA19FA4D35D6}"
EndProject
Project("{9A19103F-16F7-4668-BE54-9A1E7A4F7556}") = "MiniEngine.Drivers.Vulkan", "MiniEngine.Drivers.Vulkan\MiniEngine.Drivers.Vulkan.csproj", "{0E6FA915-9F16-4F6D-AC60-A8AD9B65C703}"
EndProject
Project("{9A19103F-16F7-4668-BE54-9A1E7A4F7556}") = "MiniEngine.Labs.Renderer", "MiniEngine.Labs.Renderer\MiniEngine.Labs.Renderer.csproj", "{C00C5942-C5E3-44F0-86FB-52D4FF6E693E}"
EndProject
Project("{9A19103F-16F7-4668-BE54-9A1E7A4F7556}") = "MiniEngine.Presentations.Glfw", "MiniEngine.Presentations.Glfw\MiniEngine.Presentations.Glfw.csproj", "{F6B4F15C-BD87-4889-AA05-67982B15DAF0}"
EndProject
Global
	GlobalSection(SolutionConfigurationPlatforms) = preSolution
		Debug|Any CPU = Debug|Any CPU
		Release|Any CPU = Release|Any CPU
	EndGlobalSection
	GlobalSection(ProjectConfigurationPlatforms) = postSolution
		{75149D39-4A72-4472-BD1E-B5444BBAE1D6}.Debug|Any CPU.ActiveCfg = Debug|Any CPU
		{75149D39-4A72-4472-BD1E-B5444BBAE1D6}.Debug|Any CPU.Build.0 = Debug|Any CPU
		{75149D39-4A72-4472-BD1E-B5444BBAE1D6}.Release|Any CPU.ActiveCfg = Release|Any CPU
		{75149D39-4A72-4472-BD1E-B5444BBAE1D6}.Release|Any CPU.Build.0 = Release|Any CPU
		{863BB252-DC76-4877-9E89-8CC185EF8B85}.Debug|Any CPU.ActiveCfg = Debug|Any CPU
		{863BB252-DC76-4877-9E89-8CC185EF8B85}.Debug|Any CPU.Build.0 = Debug|Any CPU
		{863BB252-DC76-4877-9E89-8CC185EF8B85}.Release|Any CPU.ActiveCfg = Release|Any CPU
		{863BB252-DC76-4877-9E89-8CC185EF8B85}.Release|Any CPU.Build.0 = Release|Any CPU
		{4109F56A-0FF2-4E34-AFCC-F80385FB0BB5}.Debug|Any CPU.ActiveCfg = Debug|Any CPU
		{4109F56A-0FF2-4E34-AFCC-F80385FB0BB5}.Debug|Any CPU.Build.0 = Debug|Any CPU
		{4109F56A-0FF2-4E34-AFCC-F80385FB0BB5}.Release|Any CPU.ActiveCfg = Release|Any CPU
		{4109F56A-0FF2-4E34-AFCC-F80385FB0BB5}.Release|Any CPU.Build.0 = Release|Any CPU
		{F8EFEF64-D0E4-4FDD-8F36-8AB423E323C7}.Debug|Any CPU.ActiveCfg = Debug|Any CPU
		{F8EFEF64-D0E4-4FDD-8F36-8AB423E323C7}.Debug|Any CPU.Build.0 = Debug|Any CPU
		{F8EFEF64-D0E4-4FDD-8F36-8AB423E323C7}.Release|Any CPU.ActiveCfg = Release|Any CPU
		{F8EFEF64-D0E4-4FDD-8F36-8AB423E323C7}.Release|Any CPU.Build.0 = Release|Any CPU
		{4CB8F174-7279-4724-9944-FA19FA4D35D6}.Debug|Any CPU.ActiveCfg = Debug|Any CPU
		{4CB8F174-7279-4724-9944-FA19FA4D35D6}.Debug|Any CPU.Build.0 = Debug|Any CPU
		{4CB8F174-7279-4724-9944-FA19FA4D35D6}.Release|Any CPU.ActiveCfg = Release|Any CPU
		{4CB8F174-7279-4724-9944-FA19FA4D35D6}.Release|Any CPU.Build.0 = Release|Any CPU
		{0E6FA915-9F16-4F6D-AC60-A8AD9B65C703}.Debug|Any CPU.ActiveCfg = Debug|Any CPU
		{0E6FA915-9F16-4F6D-AC60-A8AD9B65C703}.Debug|Any CPU.Build.0 = Debug|Any CPU
		{0E6FA915-9F16-4F6D-AC60-A8AD9B65C703}.Release|Any CPU.ActiveCfg = Release|Any CPU
		{0E6FA915-9F16-4F6D-AC60-A8AD9B65C703}.Release|Any CPU.Build.0 = Release|Any CPU
		{C00C5942-C5E3-44F0-86FB-52D4FF6E693E}.Debug|Any CPU.ActiveCfg = Debug|Any CPU
		{C00C5942-C5E3-44F0-86FB-52D4FF6E693E}.Debug|Any CPU.Build.0 = Debug|Any CPU
		{C00C5942-C5E3-44F0-86FB-52D4FF6E693E}.Release|Any CPU.ActiveCfg = Release|Any CPU
		{C00C5942-C5E3-44F0-86FB-52D4FF6E693E}.Release|Any CPU.Build.0 = Release|Any CPU
		{F6B4F15C-BD87-4889-AA05-67982B15DAF0}.Debug|Any CPU.ActiveCfg = Debug|Any CPU
		{F6B4F15C-BD87-4889-AA05-67982B15DAF0}.Debug|Any CPU.Build.0 = Debug|Any CPU
		{F6B4F15C-BD87-4889-AA05-67982B15DAF0}.Release|Any CPU.ActiveCfg = Release|Any CPU
		{F6B4F15C-BD87-4889-AA05-67982B15DAF0}.Release|Any CPU.Build.0 = Release|Any CPU
	EndGlobalSection
	GlobalSection(SolutionProperties) = preSolution
		HideSolutionNode = FALSE
	EndGlobalSection
	GlobalSection(ExtensibilityGlobals) = postSolution
		SolutionGuid = {B5725271-5AB8-4E31-ADE4-EDF255DAB3BA}
	EndGlobalSection
EndGlobal
